lockfileVersion: '6.0'

settings:
  autoInstallPeers: true
  excludeLinksFromLockfile: false

dependencies:
  nanoid:
    specifier: ^5.0.6
    version: 5.0.6

packages:

  /nanoid@5.0.6:
    resolution: {integrity: sha512-rRq0eMHoGZxlvaFOUdK1Ev83Bd1IgzzR+WJ3IbDJ7QOSdAxYjlurSPqFs9s4lJg29RT6nPwizFtJhQS6V5xgiA==}
    engines: {node: ^18 || >=20}
    hasBin: true
    dev: false
