lockfileVersion: '6.0'

settings:
  autoInstallPeers: true
  excludeLinksFromLockfile: false

dependencies:
  lodash:
    specifier: ^4.17.21
    version: 4.17.21
  nanoid:
    specifier: ^5.0.6
    version: 5.0.6

packages:

  /lodash@4.17.21:
    resolution: {integrity: sha512-v2kDEe57lecTulaDIuNTPy3Ry4gLGJ6Z1O3vE1krgXZNrsQ+LFTGHVxVjcXPs17LhbZVGedAJv8XZ1tvj5FvSg==}
    dev: false

  /nanoid@5.0.6:
    resolution: {integrity: sha512-rRq0eMHoGZxlvaFOUdK1Ev83Bd1IgzzR+WJ3IbDJ7QOSdAxYjlurSPqFs9s4lJg29RT6nPwizFtJhQS6V5xgiA==}
    engines: {node: ^18 || >=20}
    hasBin: true
    dev: false
